
Microsoft Visual Studio Solution File, Format Version 12.00
# Visual Studio Version 17
VisualStudioVersion = 17.1.32210.238
MinimumVisualStudioVersion = 10.0.40219.1
Project("{FAE04EC0-301F-11D3-BF4B-00C04F79EFBC}") = "Vets", "Vets\Vets.csproj", "{AFCA94B2-73EE-4B4B-BA06-E1A0D7481506}"
EndProject
Global
	GlobalSection(SolutionConfigurationPlatforms) = preSolution
		Debug|Any CPU = Debug|Any CPU
		Release|Any CPU = Release|Any CPU
	EndGlobalSection
	GlobalSection(ProjectConfigurationPlatforms) = postSolution
		{AFCA94B2-73EE-4B4B-BA06-E1A0D7481506}.Debug|Any CPU.ActiveCfg = Debug|Any CPU
		{AFCA94B2-73EE-4B4B-BA06-E1A0D7481506}.Debug|Any CPU.Build.0 = Debug|Any CPU
		{AFCA94B2-73EE-4B4B-BA06-E1A0D7481506}.Release|Any CPU.ActiveCfg = Release|Any CPU
		{AFCA94B2-73EE-4B4B-BA06-E1A0D7481506}.Release|Any CPU.Build.0 = Release|Any CPU
	EndGlobalSection
	GlobalSection(SolutionProperties) = preSolution
		HideSolutionNode = FALSE
	EndGlobalSection
	GlobalSection(ExtensibilityGlobals) = postSolution
		SolutionGuid = {E4331464-EF75-4CF8-86FE-276667FC25AC}
	EndGlobalSection
EndGlobal
